
Microsoft Visual Studio Solution File, Format Version 12.00
# Visual Studio Version 16
VisualStudioVersion = 16.0.29806.167
MinimumVisualStudioVersion = 10.0.40219.1
Project("{8BC9CEB8-8B4A-11D0-8D11-00A0C91BC942}") = "librevorb", "librevorb.vcxproj", "{2C7BAF0E-9A75-49C0-87A2-6F8CF8831A10}"
	ProjectSection(ProjectDependencies) = postProject
		{3A214E06-B95E-4D61-A291-1F8DF2EC10FD} = {3A214E06-B95E-4D61-A291-1F8DF2EC10FD}
		{AFF27A26-C088-444B-BC2A-0BA94A02AFA7} = {AFF27A26-C088-444B-BC2A-0BA94A02AFA7}
	EndProjectSection
EndProject
Project("{8BC9CEB8-8B4A-11D0-8D11-00A0C91BC942}") = "libogg", "lib\libogg\win32\VS2015\libogg.vcxproj", "{AFF27A26-C088-444B-BC2A-0BA94A02AFA7}"
EndProject
Project("{8BC9CEB8-8B4A-11D0-8D11-00A0C91BC942}") = "libvorbis_static", "lib\vorbis\win32\VS2010\libvorbis\libvorbis_static.vcxproj", "{3A214E06-B95E-4D61-A291-1F8DF2EC10FD}"
EndProject
Project("{FAE04EC0-301F-11D3-BF4B-00C04F79EFBC}") = "RevorbStd", "..\TigerLib\revorbstd\RevorbStd.csproj", "{C3130ECE-02D9-4BE6-9883-75351822E7DE}"
	ProjectSection(ProjectDependencies) = postProject
		{2C7BAF0E-9A75-49C0-87A2-6F8CF8831A10} = {2C7BAF0E-9A75-49C0-87A2-6F8CF8831A10}
	EndProjectSection
EndProject
Global
	GlobalSection(SolutionConfigurationPlatforms) = preSolution
		Debug|Any CPU = Debug|Any CPU
		Debug|x64 = Debug|x64
		Debug|x86 = Debug|x86
		DebugDLL|Any CPU = DebugDLL|Any CPU
		DebugDLL|x64 = DebugDLL|x64
		DebugDLL|x86 = DebugDLL|x86
		Release|Any CPU = Release|Any CPU
		Release|x64 = Release|x64
		Release|x86 = Release|x86
		ReleaseDLL|Any CPU = ReleaseDLL|Any CPU
		ReleaseDLL|x64 = ReleaseDLL|x64
		ReleaseDLL|x86 = ReleaseDLL|x86
	EndGlobalSection
	GlobalSection(ProjectConfigurationPlatforms) = postSolution
		{2C7BAF0E-9A75-49C0-87A2-6F8CF8831A10}.Debug|Any CPU.ActiveCfg = Debug|Win32
		{2C7BAF0E-9A75-49C0-87A2-6F8CF8831A10}.Debug|x64.ActiveCfg = Debug|x64
		{2C7BAF0E-9A75-49C0-87A2-6F8CF8831A10}.Debug|x64.Build.0 = Debug|x64
		{2C7BAF0E-9A75-49C0-87A2-6F8CF8831A10}.Debug|x86.ActiveCfg = Debug|Win32
		{2C7BAF0E-9A75-49C0-87A2-6F8CF8831A10}.Debug|x86.Build.0 = Debug|Win32
		{2C7BAF0E-9A75-49C0-87A2-6F8CF8831A10}.DebugDLL|Any CPU.ActiveCfg = Release|Win32
		{2C7BAF0E-9A75-49C0-87A2-6F8CF8831A10}.DebugDLL|Any CPU.Build.0 = Release|Win32
		{2C7BAF0E-9A75-49C0-87A2-6F8CF8831A10}.DebugDLL|x64.ActiveCfg = Debug|x64
		{2C7BAF0E-9A75-49C0-87A2-6F8CF8831A10}.DebugDLL|x64.Build.0 = Debug|x64
		{2C7BAF0E-9A75-49C0-87A2-6F8CF8831A10}.DebugDLL|x86.ActiveCfg = Debug|Win32
		{2C7BAF0E-9A75-49C0-87A2-6F8CF8831A10}.DebugDLL|x86.Build.0 = Debug|Win32
		{2C7BAF0E-9A75-49C0-87A2-6F8CF8831A10}.Release|Any CPU.ActiveCfg = Release|Win32
		{2C7BAF0E-9A75-49C0-87A2-6F8CF8831A10}.Release|x64.ActiveCfg = Release|x64
		{2C7BAF0E-9A75-49C0-87A2-6F8CF8831A10}.Release|x64.Build.0 = Release|x64
		{2C7BAF0E-9A75-49C0-87A2-6F8CF8831A10}.Release|x86.ActiveCfg = Release|Win32
		{2C7BAF0E-9A75-49C0-87A2-6F8CF8831A10}.Release|x86.Build.0 = Release|Win32
		{2C7BAF0E-9A75-49C0-87A2-6F8CF8831A10}.ReleaseDLL|Any CPU.ActiveCfg = Release|Win32
		{2C7BAF0E-9A75-49C0-87A2-6F8CF8831A10}.ReleaseDLL|Any CPU.Build.0 = Release|Win32
		{2C7BAF0E-9A75-49C0-87A2-6F8CF8831A10}.ReleaseDLL|x64.ActiveCfg = Release|x64
		{2C7BAF0E-9A75-49C0-87A2-6F8CF8831A10}.ReleaseDLL|x64.Build.0 = Release|x64
		{2C7BAF0E-9A75-49C0-87A2-6F8CF8831A10}.ReleaseDLL|x86.ActiveCfg = Release|Win32
		{2C7BAF0E-9A75-49C0-87A2-6F8CF8831A10}.ReleaseDLL|x86.Build.0 = Release|Win32
		{AFF27A26-C088-444B-BC2A-0BA94A02AFA7}.Debug|Any CPU.ActiveCfg = Debug|Win32
		{AFF27A26-C088-444B-BC2A-0BA94A02AFA7}.Debug|x64.ActiveCfg = Debug|x64
		{AFF27A26-C088-444B-BC2A-0BA94A02AFA7}.Debug|x64.Build.0 = Debug|x64
		{AFF27A26-C088-444B-BC2A-0BA94A02AFA7}.Debug|x86.ActiveCfg = Debug|Win32
		{AFF27A26-C088-444B-BC2A-0BA94A02AFA7}.Debug|x86.Build.0 = Debug|Win32
		{AFF27A26-C088-444B-BC2A-0BA94A02AFA7}.DebugDLL|Any CPU.ActiveCfg = DebugDLL|Win32
		{AFF27A26-C088-444B-BC2A-0BA94A02AFA7}.DebugDLL|x64.ActiveCfg = DebugDLL|x64
		{AFF27A26-C088-444B-BC2A-0BA94A02AFA7}.DebugDLL|x64.Build.0 = DebugDLL|x64
		{AFF27A26-C088-444B-BC2A-0BA94A02AFA7}.DebugDLL|x86.ActiveCfg = DebugDLL|Win32
		{AFF27A26-C088-444B-BC2A-0BA94A02AFA7}.DebugDLL|x86.Build.0 = DebugDLL|Win32
		{AFF27A26-C088-444B-BC2A-0BA94A02AFA7}.Release|Any CPU.ActiveCfg = Release|Win32
		{AFF27A26-C088-444B-BC2A-0BA94A02AFA7}.Release|x64.ActiveCfg = Release|x64
		{AFF27A26-C088-444B-BC2A-0BA94A02AFA7}.Release|x64.Build.0 = Release|x64
		{AFF27A26-C088-444B-BC2A-0BA94A02AFA7}.Release|x86.ActiveCfg = Release|Win32
		{AFF27A26-C088-444B-BC2A-0BA94A02AFA7}.Release|x86.Build.0 = Release|Win32
		{AFF27A26-C088-444B-BC2A-0BA94A02AFA7}.ReleaseDLL|Any CPU.ActiveCfg = ReleaseDLL|Win32
		{AFF27A26-C088-444B-BC2A-0BA94A02AFA7}.ReleaseDLL|x64.ActiveCfg = ReleaseDLL|x64
		{AFF27A26-C088-444B-BC2A-0BA94A02AFA7}.ReleaseDLL|x64.Build.0 = ReleaseDLL|x64
		{AFF27A26-C088-444B-BC2A-0BA94A02AFA7}.ReleaseDLL|x86.ActiveCfg = ReleaseDLL|Win32
		{AFF27A26-C088-444B-BC2A-0BA94A02AFA7}.ReleaseDLL|x86.Build.0 = ReleaseDLL|Win32
		{3A214E06-B95E-4D61-A291-1F8DF2EC10FD}.Debug|Any CPU.ActiveCfg = Debug|Win32
		{3A214E06-B95E-4D61-A291-1F8DF2EC10FD}.Debug|x64.ActiveCfg = Debug|x64
		{3A214E06-B95E-4D61-A291-1F8DF2EC10FD}.Debug|x64.Build.0 = Debug|x64
		{3A214E06-B95E-4D61-A291-1F8DF2EC10FD}.Debug|x86.ActiveCfg = Debug|Win32
		{3A214E06-B95E-4D61-A291-1F8DF2EC10FD}.Debug|x86.Build.0 = Debug|Win32
		{3A214E06-B95E-4D61-A291-1F8DF2EC10FD}.DebugDLL|Any CPU.ActiveCfg = Release|Win32
		{3A214E06-B95E-4D61-A291-1F8DF2EC10FD}.DebugDLL|Any CPU.Build.0 = Release|Win32
		{3A214E06-B95E-4D61-A291-1F8DF2EC10FD}.DebugDLL|x64.ActiveCfg = Debug|x64
		{3A214E06-B95E-4D61-A291-1F8DF2EC10FD}.DebugDLL|x64.Build.0 = Debug|x64
		{3A214E06-B95E-4D61-A291-1F8DF2EC10FD}.DebugDLL|x86.ActiveCfg = Debug|Win32
		{3A214E06-B95E-4D61-A291-1F8DF2EC10FD}.DebugDLL|x86.Build.0 = Debug|Win32
		{3A214E06-B95E-4D61-A291-1F8DF2EC10FD}.Release|Any CPU.ActiveCfg = Release|Win32
		{3A214E06-B95E-4D61-A291-1F8DF2EC10FD}.Release|x64.ActiveCfg = Release|x64
		{3A214E06-B95E-4D61-A291-1F8DF2EC10FD}.Release|x64.Build.0 = Release|x64
		{3A214E06-B95E-4D61-A291-1F8DF2EC10FD}.Release|x86.ActiveCfg = Release|Win32
		{3A214E06-B95E-4D61-A291-1F8DF2EC10FD}.Release|x86.Build.0 = Release|Win32
		{3A214E06-B95E-4D61-A291-1F8DF2EC10FD}.ReleaseDLL|Any CPU.ActiveCfg = Release|Win32
		{3A214E06-B95E-4D61-A291-1F8DF2EC10FD}.ReleaseDLL|Any CPU.Build.0 = Release|Win32
		{3A214E06-B95E-4D61-A291-1F8DF2EC10FD}.ReleaseDLL|x64.ActiveCfg = Release|x64
		{3A214E06-B95E-4D61-A291-1F8DF2EC10FD}.ReleaseDLL|x64.Build.0 = Release|x64
		{3A214E06-B95E-4D61-A291-1F8DF2EC10FD}.ReleaseDLL|x86.ActiveCfg = Release|Win32
		{3A214E06-B95E-4D61-A291-1F8DF2EC10FD}.ReleaseDLL|x86.Build.0 = Release|Win32
		{C3130ECE-02D9-4BE6-9883-75351822E7DE}.Debug|Any CPU.ActiveCfg = Debug|Any CPU
		{C3130ECE-02D9-4BE6-9883-75351822E7DE}.Debug|Any CPU.Build.0 = Debug|Any CPU
		{C3130ECE-02D9-4BE6-9883-75351822E7DE}.Debug|x64.ActiveCfg = Debug|Any CPU
		{C3130ECE-02D9-4BE6-9883-75351822E7DE}.Debug|x64.Build.0 = Debug|Any CPU
		{C3130ECE-02D9-4BE6-9883-75351822E7DE}.Debug|x86.ActiveCfg = Debug|Any CPU
		{C3130ECE-02D9-4BE6-9883-75351822E7DE}.Debug|x86.Build.0 = Debug|Any CPU
		{C3130ECE-02D9-4BE6-9883-75351822E7DE}.DebugDLL|Any CPU.ActiveCfg = Debug|Any CPU
		{C3130ECE-02D9-4BE6-9883-75351822E7DE}.DebugDLL|Any CPU.Build.0 = Debug|Any CPU
		{C3130ECE-02D9-4BE6-9883-75351822E7DE}.DebugDLL|x64.ActiveCfg = Debug|Any CPU
		{C3130ECE-02D9-4BE6-9883-75351822E7DE}.DebugDLL|x64.Build.0 = Debug|Any CPU
		{C3130ECE-02D9-4BE6-9883-75351822E7DE}.DebugDLL|x86.ActiveCfg = Debug|Any CPU
		{C3130ECE-02D9-4BE6-9883-75351822E7DE}.DebugDLL|x86.Build.0 = Debug|Any CPU
		{C3130ECE-02D9-4BE6-9883-75351822E7DE}.Release|Any CPU.ActiveCfg = Release|Any CPU
		{C3130ECE-02D9-4BE6-9883-75351822E7DE}.Release|Any CPU.Build.0 = Release|Any CPU
		{C3130ECE-02D9-4BE6-9883-75351822E7DE}.Release|x64.ActiveCfg = Release|Any CPU
		{C3130ECE-02D9-4BE6-9883-75351822E7DE}.Release|x64.Build.0 = Release|Any CPU
		{C3130ECE-02D9-4BE6-9883-75351822E7DE}.Release|x86.ActiveCfg = Release|Any CPU
		{C3130ECE-02D9-4BE6-9883-75351822E7DE}.Release|x86.Build.0 = Release|Any CPU
		{C3130ECE-02D9-4BE6-9883-75351822E7DE}.ReleaseDLL|Any CPU.ActiveCfg = Release|Any CPU
		{C3130ECE-02D9-4BE6-9883-75351822E7DE}.ReleaseDLL|Any CPU.Build.0 = Release|Any CPU
		{C3130ECE-02D9-4BE6-9883-75351822E7DE}.ReleaseDLL|x64.ActiveCfg = Release|Any CPU
		{C3130ECE-02D9-4BE6-9883-75351822E7DE}.ReleaseDLL|x64.Build.0 = Release|Any CPU
		{C3130ECE-02D9-4BE6-9883-75351822E7DE}.ReleaseDLL|x86.ActiveCfg = Release|Any CPU
		{C3130ECE-02D9-4BE6-9883-75351822E7DE}.ReleaseDLL|x86.Build.0 = Release|Any CPU
	EndGlobalSection
	GlobalSection(SolutionProperties) = preSolution
		HideSolutionNode = FALSE
	EndGlobalSection
	GlobalSection(ExtensibilityGlobals) = postSolution
		SolutionGuid = {21434489-C6EC-4415-BB45-D673524BDE52}
	EndGlobalSection
EndGlobal
